
Microsoft Visual Studio Solution File, Format Version 12.00
# Visual Studio Version 17
VisualStudioVersion = 17.5.33516.290
MinimumVisualStudioVersion = 10.0.40219.1
Project("{FAE04EC0-301F-11D3-BF4B-00C04F79EFBC}") = "LyahAnastasia1", "LyahAnastasia1\LyahAnastasia1.csproj", "{235D05C3-B896-456A-B865-B35E85137A7E}"
EndProject
Global
	GlobalSection(SolutionConfigurationPlatforms) = preSolution
		Debug|Any CPU = Debug|Any CPU
		Release|Any CPU = Release|Any CPU
	EndGlobalSection
	GlobalSection(ProjectConfigurationPlatforms) = postSolution
		{235D05C3-B896-456A-B865-B35E85137A7E}.Debug|Any CPU.ActiveCfg = Debug|Any CPU
		{235D05C3-B896-456A-B865-B35E85137A7E}.Debug|Any CPU.Build.0 = Debug|Any CPU
		{235D05C3-B896-456A-B865-B35E85137A7E}.Release|Any CPU.ActiveCfg = Release|Any CPU
		{235D05C3-B896-456A-B865-B35E85137A7E}.Release|Any CPU.Build.0 = Release|Any CPU
	EndGlobalSection
	GlobalSection(SolutionProperties) = preSolution
		HideSolutionNode = FALSE
	EndGlobalSection
	GlobalSection(ExtensibilityGlobals) = postSolution
		SolutionGuid = {BEB51744-95B1-4366-AAC5-689854F11D9F}
	EndGlobalSection
EndGlobal
